
Microsoft Visual Studio Solution File, Format Version 12.00
# Visual Studio Version 16
VisualStudioVersion = 16.0.29519.87
MinimumVisualStudioVersion = 10.0.40219.1
Project("{FAE04EC0-301F-11D3-BF4B-00C04F79EFBC}") = "FolderDialog", "FolderDialog\FolderDialog.csproj", "{77C276BE-ECED-48BA-9321-8E0BBE6F40AA}"
EndProject
Global
	GlobalSection(SolutionConfigurationPlatforms) = preSolution
		Debug|Any CPU = Debug|Any CPU
		Release|Any CPU = Release|Any CPU
	EndGlobalSection
	GlobalSection(ProjectConfigurationPlatforms) = postSolution
		{77C276BE-ECED-48BA-9321-8E0BBE6F40AA}.Debug|Any CPU.ActiveCfg = Debug|Any CPU
		{77C276BE-ECED-48BA-9321-8E0BBE6F40AA}.Debug|Any CPU.Build.0 = Debug|Any CPU
		{77C276BE-ECED-48BA-9321-8E0BBE6F40AA}.Release|Any CPU.ActiveCfg = Release|Any CPU
		{77C276BE-ECED-48BA-9321-8E0BBE6F40AA}.Release|Any CPU.Build.0 = Release|Any CPU
	EndGlobalSection
	GlobalSection(SolutionProperties) = preSolution
		HideSolutionNode = FALSE
	EndGlobalSection
	GlobalSection(ExtensibilityGlobals) = postSolution
		SolutionGuid = {08D4F277-3F90-4518-8C8C-64EBA6A52401}
	EndGlobalSection
EndGlobal
